// !$*UTF8*$!
{
	archiveVersion = 1;
	classes = {
	};
	objectVersion = 46;
	objects = {

/* Begin PBXBuildFile section */
		7CFCDBFD1C7553A000EC2F14 /* main.m in Sources */ = {isa = PBXBuildFile; fileRef = 7CFCDBFC1C7553A000EC2F14 /* main.m */; };
		7CFCDC001C7553A000EC2F14 /* AppDelegate.m in Sources */ = {isa = PBXBuildFile; fileRef = 7CFCDBFF1C7553A000EC2F14 /* AppDelegate.m */; };
		7CFCDC031C7553A000EC2F14 /* ViewController.m in Sources */ = {isa = PBXBuildFile; fileRef = 7CFCDC021C7553A000EC2F14 /* ViewController.m */; };
		7CFCDC061C7553A000EC2F14 /* Main.storyboard in Resources */ = {isa = PBXBuildFile; fileRef = 7CFCDC041C7553A000EC2F14 /* Main.storyboard */; };
		7CFCDC081C7553A000EC2F14 /* Assets.xcassets in Resources */ = {isa = PBXBuildFile; fileRef = 7CFCDC071C7553A000EC2F14 /* Assets.xcassets */; };
		7CFCDC0B1C7553A000EC2F14 /* LaunchScreen.storyboard in Resources */ = {isa = PBXBuildFile; fileRef = 7CFCDC091C7553A000EC2F14 /* LaunchScreen.storyboard */; };
		7CFCDC181C7554B000EC2F14 /* PlayerView.m in Sources */ = {isa = PBXBuildFile; fileRef = 7CFCDC171C7554B000EC2F14 /* PlayerView.m */; };
		7CFCDC1D1C75559D00EC2F14 /* AVFoundation.framework in Frameworks */ = {isa = PBXBuildFile; fileRef = 7CFCDC1C1C75559D00EC2F14 /* AVFoundation.framework */; };
		7CFCDC201C75C6C500EC2F14 /* testMovie.mov in Resources */ = {isa = PBXBuildFile; fileRef = 7CFCDC1F1C75C6C500EC2F14 /* testMovie.mov */; };
		7CFCDC221C76E74300EC2F14 /* test2.mov in Resources */ = {isa = PBXBuildFile; fileRef = 7CFCDC211C76E74300EC2F14 /* test2.mov */; };
/* End PBXBuildFile section */

/* Begin PBXFileReference section */
		7CFCDBF81C7553A000EC2F14 /* AVPlayerDemo.app */ = {isa = PBXFileReference; explicitFileType = wrapper.application; includeInIndex = 0; path = AVPlayerDemo.app; sourceTree = BUILT_PRODUCTS_DIR; };
		7CFCDBFC1C7553A000EC2F14 /* main.m */ = {isa = PBXFileReference; lastKnownFileType = sourcecode.c.objc; path = main.m; sourceTree = "<group>"; };
		7CFCDBFE1C7553A000EC2F14 /* AppDelegate.h */ = {isa = PBXFileReference; lastKnownFileType = sourcecode.c.h; path = AppDelegate.h; sourceTree = "<group>"; };
		7CFCDBFF1C7553A000EC2F14 /* AppDelegate.m */ = {isa = PBXFileReference; lastKnownFileType = sourcecode.c.objc; path = AppDelegate.m; sourceTree = "<group>"; };
		7CFCDC011C7553A000EC2F14 /* ViewController.h */ = {isa = PBXFileReference; lastKnownFileType = sourcecode.c.h; path = ViewController.h; sourceTree = "<group>"; };
		7CFCDC021C7553A000EC2F14 /* ViewController.m */ = {isa = PBXFileReference; lastKnownFileType = sourcecode.c.objc; path = ViewController.m; sourceTree = "<group>"; };
		7CFCDC051C7553A000EC2F14 /* Base */ = {isa = PBXFileReference; lastKnownFileType = file.storyboard; name = Base; path = Base.lproj/Main.storyboard; sourceTree = "<group>"; };
		7CFCDC071C7553A000EC2F14 /* Assets.xcassets */ = {isa = PBXFileReference; lastKnownFileType = folder.assetcatalog; path = Assets.xcassets; sourceTree = "<group>"; };
		7CFCDC0A1C7553A000EC2F14 /* Base */ = {isa = PBXFileReference; lastKnownFileType = file.storyboard; name = Base; path = Base.lproj/LaunchScreen.storyboard; sourceTree = "<group>"; };
		7CFCDC0C1C7553A000EC2F14 /* Info.plist */ = {isa = PBXFileReference; lastKnownFileType = text.plist.xml; path = Info.plist; sourceTree = "<group>"; };
		7CFCDC161C7554B000EC2F14 /* PlayerView.h */ = {isa = PBXFileReference; fileEncoding = 4; lastKnownFileType = sourcecode.c.h; path = PlayerView.h; sourceTree = "<group>"; };
		7CFCDC171C7554B000EC2F14 /* PlayerView.m */ = {isa = PBXFileReference; fileEncoding = 4; lastKnownFileType = sourcecode.c.objc; path = PlayerView.m; sourceTree = "<group>"; };
		7CFCDC1C1C75559D00EC2F14 /* AVFoundation.framework */ = {isa = PBXFileReference; lastKnownFileType = wrapper.framework; name = AVFoundation.framework; path = System/Library/Frameworks/AVFoundation.framework; sourceTree = SDKROOT; };
		7CFCDC1E1C7560D400EC2F14 /* PlayerEnum-all.h */ = {isa = PBXFileReference; lastKnownFileType = sourcecode.c.h; path = "PlayerEnum-all.h"; sourceTree = "<group>"; };
		7CFCDC1F1C75C6C500EC2F14 /* testMovie.mov */ = {isa = PBXFileReference; lastKnownFileType = video.quicktime; path = testMovie.mov; sourceTree = "<group>"; };
		7CFCDC211C76E74300EC2F14 /* test2.mov */ = {isa = PBXFileReference; lastKnownFileType = video.quicktime; path = test2.mov; sourceTree = "<group>"; };
/* End PBXFileReference section */

/* Begin PBXFrameworksBuildPhase section */
		7CFCDBF51C7553A000EC2F14 /* Frameworks */ = {
			isa = PBXFrameworksBuildPhase;
			buildActionMask = 2147483647;
			files = (
				7CFCDC1D1C75559D00EC2F14 /* AVFoundation.framework in Frameworks */,
			);
			runOnlyForDeploymentPostprocessing = 0;
		};
/* End PBXFrameworksBuildPhase section */

/* Begin PBXGroup section */
		7CFCDBEF1C7553A000EC2F14 = {
			isa = PBXGroup;
			children = (
				7CFCDC1C1C75559D00EC2F14 /* AVFoundation.framework */,
				7CFCDBFA1C7553A000EC2F14 /* AVPlayerDemo */,
				7CFCDBF91C7553A000EC2F14 /* Products */,
			);
			sourceTree = "<group>";
		};
		7CFCDBF91C7553A000EC2F14 /* Products */ = {
			isa = PBXGroup;
			children = (
				7CFCDBF81C7553A000EC2F14 /* AVPlayerDemo.app */,
			);
			name = Products;
			sourceTree = "<group>";
		};
		7CFCDBFA1C7553A000EC2F14 /* AVPlayerDemo */ = {
			isa = PBXGroup;
			children = (
				7CFCDC121C7553CA00EC2F14 /* AVPlayer */,
				7CFCDBFE1C7553A000EC2F14 /* AppDelegate.h */,
				7CFCDBFF1C7553A000EC2F14 /* AppDelegate.m */,
				7CFCDC011C7553A000EC2F14 /* ViewController.h */,
				7CFCDC021C7553A000EC2F14 /* ViewController.m */,
				7CFCDC041C7553A000EC2F14 /* Main.storyboard */,
				7CFCDC071C7553A000EC2F14 /* Assets.xcassets */,
				7CFCDC091C7553A000EC2F14 /* LaunchScreen.storyboard */,
				7CFCDC0C1C7553A000EC2F14 /* Info.plist */,
				7CFCDBFB1C7553A000EC2F14 /* Supporting Files */,
			);
			path = AVPlayerDemo;
			sourceTree = "<group>";
		};
		7CFCDBFB1C7553A000EC2F14 /* Supporting Files */ = {
			isa = PBXGroup;
			children = (
				7CFCDC211C76E74300EC2F14 /* test2.mov */,
				7CFCDC1F1C75C6C500EC2F14 /* testMovie.mov */,
				7CFCDBFC1C7553A000EC2F14 /* main.m */,
			);
			name = "Supporting Files";
			sourceTree = "<group>";
		};
		7CFCDC121C7553CA00EC2F14 /* AVPlayer */ = {
			isa = PBXGroup;
			children = (
				7CFCDC1E1C7560D400EC2F14 /* PlayerEnum-all.h */,
				7CFCDC161C7554B000EC2F14 /* PlayerView.h */,
				7CFCDC171C7554B000EC2F14 /* PlayerView.m */,
			);
			path = AVPlayer;
			sourceTree = "<group>";
		};
/* End PBXGroup section */

/* Begin PBXNativeTarget section */
		7CFCDBF71C7553A000EC2F14 /* AVPlayerDemo */ = {
			isa = PBXNativeTarget;
			buildConfigurationList = 7CFCDC0F1C7553A000EC2F14 /* Build configuration list for PBXNativeTarget "AVPlayerDemo" */;
			buildPhases = (
				7CFCDBF41C7553A000EC2F14 /* Sources */,
				7CFCDBF51C7553A000EC2F14 /* Frameworks */,
				7CFCDBF61C7553A000EC2F14 /* Resources */,
			);
			buildRules = (
			);
			dependencies = (
			);
			name = AVPlayerDemo;
			productName = AVPlayerDemo;
			productReference = 7CFCDBF81C7553A000EC2F14 /* AVPlayerDemo.app */;
			productType = "com.apple.product-type.application";
		};
/* End PBXNativeTarget section */

/* Begin PBXProject section */
		7CFCDBF01C7553A000EC2F14 /* Project object */ = {
			isa = PBXProject;
			attributes = {
				LastUpgradeCheck = 0720;
				ORGANIZATIONNAME = Netease;
				TargetAttributes = {
					7CFCDBF71C7553A000EC2F14 = {
						CreatedOnToolsVersion = 7.2;
					};
				};
			};
			buildConfigurationList = 7CFCDBF31C7553A000EC2F14 /* Build configuration list for PBXProject "AVPlayerDemo" */;
			compatibilityVersion = "Xcode 3.2";
			developmentRegion = English;
			hasScannedForEncodings = 0;
			knownRegions = (
				en,
				Base,
			);
			mainGroup = 7CFCDBEF1C7553A000EC2F14;
			productRefGroup = 7CFCDBF91C7553A000EC2F14 /* Products */;
			projectDirPath = "";
			projectRoot = "";
			targets = (
				7CFCDBF71C7553A000EC2F14 /* AVPlayerDemo */,
			);
		};
/* End PBXProject section */

/* Begin PBXResourcesBuildPhase section */
		7CFCDBF61C7553A000EC2F14 /* Resources */ = {
			isa = PBXResourcesBuildPhase;
			buildActionMask = 2147483647;
			files = (
				7CFCDC0B1C7553A000EC2F14 /* LaunchScreen.storyboard in Resources */,
				7CFCDC221C76E74300EC2F14 /* test2.mov in Resources */,
				7CFCDC201C75C6C500EC2F14 /* testMovie.mov in Resources */,
				7CFCDC081C7553A000EC2F14 /* Assets.xcassets in Resources */,
				7CFCDC061C7553A000EC2F14 /* Main.storyboard in Resources */,
			);
			runOnlyForDeploymentPostprocessing = 0;
		};
/* End PBXResourcesBuildPhase section */

/* Begin PBXSourcesBuildPhase section */
		7CFCDBF41C7553A000EC2F14 /* Sources */ = {
			isa = PBXSourcesBuildPhase;
			buildActionMask = 2147483647;
			files = (
				7CFCDC031C7553A000EC2F14 /* ViewController.m in Sources */,
				7CFCDC001C7553A000EC2F14 /* AppDelegate.m in Sources */,
				7CFCDBFD1C7553A000EC2F14 /* main.m in Sources */,
				7CFCDC181C7554B000EC2F14 /* PlayerView.m in Sources */,
			);
			runOnlyForDeploymentPostprocessing = 0;
		};
/* End PBXSourcesBuildPhase section */

/* Begin PBXVariantGroup section */
		7CFCDC041C7553A000EC2F14 /* Main.storyboard */ = {
			isa = PBXVariantGroup;
			children = (
				7CFCDC051C7553A000EC2F14 /* Base */,
			);
			name = Main.storyboard;
			sourceTree = "<group>";
		};
		7CFCDC091C7553A000EC2F14 /* LaunchScreen.storyboard */ = {
			isa = PBXVariantGroup;
			children = (
				7CFCDC0A1C7553A000EC2F14 /* Base */,
			);
			name = LaunchScreen.storyboard;
			sourceTree = "<group>";
		};
/* End PBXVariantGroup section */

/* Begin XCBuildConfiguration section */
		7CFCDC0D1C7553A000EC2F14 /* Debug */ = {
			isa = XCBuildConfiguration;
			buildSettings = {
				ALWAYS_SEARCH_USER_PATHS = NO;
				CLANG_CXX_LANGUAGE_STANDARD = "gnu++0x";
				CLANG_CXX_LIBRARY = "libc++";
				CLANG_ENABLE_MODULES = YES;
				CLANG_ENABLE_OBJC_ARC = YES;
				CLANG_WARN_BOOL_CONVERSION = YES;
				CLANG_WARN_CONSTANT_CONVERSION = YES;
				CLANG_WARN_DIRECT_OBJC_ISA_USAGE = YES_ERROR;
				CLANG_WARN_EMPTY_BODY = YES;
				CLANG_WARN_ENUM_CONVERSION = YES;
				CLANG_WARN_INT_CONVERSION = YES;
				CLANG_WARN_OBJC_ROOT_CLASS = YES_ERROR;
				CLANG_WARN_UNREACHABLE_CODE = YES;
				CLANG_WARN__DUPLICATE_METHOD_MATCH = YES;
				"CODE_SIGN_IDENTITY[sdk=iphoneos*]" = "iPhone Developer";
				COPY_PHASE_STRIP = NO;
				DEBUG_INFORMATION_FORMAT = dwarf;
				ENABLE_STRICT_OBJC_MSGSEND = YES;
				ENABLE_TESTABILITY = YES;
				GCC_C_LANGUAGE_STANDARD = gnu99;
				GCC_DYNAMIC_NO_PIC = NO;
				GCC_NO_COMMON_BLOCKS = YES;
				GCC_OPTIMIZATION_LEVEL = 0;
				GCC_PREPROCESSOR_DEFINITIONS = (
					"DEBUG=1",
					"$(inherited)",
				);
				GCC_WARN_64_TO_32_BIT_CONVERSION = YES;
				GCC_WARN_ABOUT_RETURN_TYPE = YES_ERROR;
				GCC_WARN_UNDECLARED_SELECTOR = YES;
				GCC_WARN_UNINITIALIZED_AUTOS = YES_AGGRESSIVE;
				GCC_WARN_UNUSED_FUNCTION = YES;
				GCC_WARN_UNUSED_VARIABLE = YES;
				IPHONEOS_DEPLOYMENT_TARGET = 9.2;
				MTL_ENABLE_DEBUG_INFO = YES;
				ONLY_ACTIVE_ARCH = YES;
				SDKROOT = iphoneos;
			};
			name = Debug;
		};
		7CFCDC0E1C7553A000EC2F14 /* Release */ = {
			isa = XCBuildConfiguration;
			buildSettings = {
				ALWAYS_SEARCH_USER_PATHS = NO;
				CLANG_CXX_LANGUAGE_STANDARD = "gnu++0x";
				CLANG_CXX_LIBRARY = "libc++";
				CLANG_ENABLE_MODULES = YES;
				CLANG_ENABLE_OBJC_ARC = YES;
				CLANG_WARN_BOOL_CONVERSION = YES;
				CLANG_WARN_CONSTANT_CONVERSION = YES;
				CLANG_WARN_DIRECT_OBJC_ISA_USAGE = YES_ERROR;
				CLANG_WARN_EMPTY_BODY = YES;
				CLANG_WARN_ENUM_CONVERSION = YES;
				CLANG_WARN_INT_CONVERSION = YES;
				CLANG_WARN_OBJC_ROOT_CLASS = YES_ERROR;
				CLANG_WARN_UNREACHABLE_CODE = YES;
				CLANG_WARN__DUPLICATE_METHOD_MATCH = YES;
				"CODE_SIGN_IDENTITY[sdk=iphoneos*]" = "iPhone Developer";
				COPY_PHASE_STRIP = NO;
				DEBUG_INFORMATION_FORMAT = "dwarf-with-dsym";
				ENABLE_NS_ASSERTIONS = NO;
				ENABLE_STRICT_OBJC_MSGSEND = YES;
				GCC_C_LANGUAGE_STANDARD = gnu99;
				GCC_NO_COMMON_BLOCKS = YES;
				GCC_WARN_64_TO_32_BIT_CONVERSION = YES;
				GCC_WARN_ABOUT_RETURN_TYPE = YES_ERROR;
				GCC_WARN_UNDECLARED_SELECTOR = YES;
				GCC_WARN_UNINITIALIZED_AUTOS = YES_AGGRESSIVE;
				GCC_WARN_UNUSED_FUNCTION = YES;
				GCC_WARN_UNUSED_VARIABLE = YES;
				IPHONEOS_DEPLOYMENT_TARGET = 9.2;
				MTL_ENABLE_DEBUG_INFO = NO;
				SDKROOT = iphoneos;
				VALIDATE_PRODUCT = YES;
			};
			name = Release;
		};
		7CFCDC101C7553A000EC2F14 /* Debug */ = {
			isa = XCBuildConfiguration;
			buildSettings = {
				ASSETCATALOG_COMPILER_APPICON_NAME = AppIcon;
				CLANG_ENABLE_OBJC_ARC = NO;
				INFOPLIST_FILE = AVPlayerDemo/Info.plist;
				LD_RUNPATH_SEARCH_PATHS = "$(inherited) @executable_path/Frameworks";
				PRODUCT_BUNDLE_IDENTIFIER = xu.wei.AVPlayerDemo;
				PRODUCT_NAME = "$(TARGET_NAME)";
			};
			name = Debug;
		};
		7CFCDC111C7553A000EC2F14 /* Release */ = {
			isa = XCBuildConfiguration;
			buildSettings = {
				ASSETCATALOG_COMPILER_APPICON_NAME = AppIcon;
				CLANG_ENABLE_OBJC_ARC = NO;
				INFOPLIST_FILE = AVPlayerDemo/Info.plist;
				LD_RUNPATH_SEARCH_PATHS = "$(inherited) @executable_path/Frameworks";
				PRODUCT_BUNDLE_IDENTIFIER = xu.wei.AVPlayerDemo;
				PRODUCT_NAME = "$(TARGET_NAME)";
			};
			name = Release;
		};
/* End XCBuildConfiguration section */

/* Begin XCConfigurationList section */
		7CFCDBF31C7553A000EC2F14 /* Build configuration list for PBXProject "AVPlayerDemo" */ = {
			isa = XCConfigurationList;
			buildConfigurations = (
				7CFCDC0D1C7553A000EC2F14 /* Debug */,
				7CFCDC0E1C7553A000EC2F14 /* Release */,
			);
			defaultConfigurationIsVisible = 0;
			defaultConfigurationName = Release;
		};
		7CFCDC0F1C7553A000EC2F14 /* Build configuration list for PBXNativeTarget "AVPlayerDemo" */ = {
			isa = XCConfigurationList;
			buildConfigurations = (
				7CFCDC101C7553A000EC2F14 /* Debug */,
				7CFCDC111C7553A000EC2F14 /* Release */,
			);
			defaultConfigurationIsVisible = 0;
			defaultConfigurationName = Release;
		};
/* End XCConfigurationList section */
	};
	rootObject = 7CFCDBF01C7553A000EC2F14 /* Project object */;
}
